{
  "originHash" : "92046cd5b2f2281033576764770b7a11ca088b9ebaf1f5b30fe730e9dc26f50e",
  "pins" : [
    {
      "identity" : "purchases-ios",
      "kind" : "remoteSourceControl",
      "location" : "https://github.com/RevenueCat/purchases-ios.git",
      "state" : {
        "revision" : "a06accc1543fcedc3094d4b5b9a40b84e2213e8e",
        "version" : "5.69.0"
      }
    }
  ],
  "version" : 3
}
